
Microsoft Visual Studio Solution File, Format Version 12.00
# Visual Studio 14
VisualStudioVersion = 14.0.24720.0
MinimumVisualStudioVersion = 10.0.40219.1
Project("{FAE04EC0-301F-11D3-BF4B-00C04F79EFBC}") = "Spreadsheet", "Spreadsheet\Spreadsheet.csproj", "{3C6CEB81-7BF5-42FB-8FD0-E430BBEC6C1B}"
EndProject
Project("{FAE04EC0-301F-11D3-BF4B-00C04F79EFBC}") = "SpreadsheetEngine", "SpreadsheetEngine\SpreadsheetEngine.csproj", "{C423EA36-83DF-4B5B-B554-EA58CFBCF7E7}"
EndProject
Project("{FAE04EC0-301F-11D3-BF4B-00C04F79EFBC}") = "ExpTreeApp", "ExpTreeApp\ExpTreeApp.csproj", "{3E883916-FF76-49D5-A96F-F812D8D01730}"
EndProject
Global
	GlobalSection(SolutionConfigurationPlatforms) = preSolution
		Debug|Any CPU = Debug|Any CPU
		Release|Any CPU = Release|Any CPU
	EndGlobalSection
	GlobalSection(ProjectConfigurationPlatforms) = postSolution
		{3C6CEB81-7BF5-42FB-8FD0-E430BBEC6C1B}.Debug|Any CPU.ActiveCfg = Debug|Any CPU
		{3C6CEB81-7BF5-42FB-8FD0-E430BBEC6C1B}.Debug|Any CPU.Build.0 = Debug|Any CPU
		{3C6CEB81-7BF5-42FB-8FD0-E430BBEC6C1B}.Release|Any CPU.ActiveCfg = Release|Any CPU
		{3C6CEB81-7BF5-42FB-8FD0-E430BBEC6C1B}.Release|Any CPU.Build.0 = Release|Any CPU
		{C423EA36-83DF-4B5B-B554-EA58CFBCF7E7}.Debug|Any CPU.ActiveCfg = Debug|Any CPU
		{C423EA36-83DF-4B5B-B554-EA58CFBCF7E7}.Debug|Any CPU.Build.0 = Debug|Any CPU
		{C423EA36-83DF-4B5B-B554-EA58CFBCF7E7}.Release|Any CPU.ActiveCfg = Release|Any CPU
		{C423EA36-83DF-4B5B-B554-EA58CFBCF7E7}.Release|Any CPU.Build.0 = Release|Any CPU
		{3E883916-FF76-49D5-A96F-F812D8D01730}.Debug|Any CPU.ActiveCfg = Debug|Any CPU
		{3E883916-FF76-49D5-A96F-F812D8D01730}.Debug|Any CPU.Build.0 = Debug|Any CPU
		{3E883916-FF76-49D5-A96F-F812D8D01730}.Release|Any CPU.ActiveCfg = Release|Any CPU
		{3E883916-FF76-49D5-A96F-F812D8D01730}.Release|Any CPU.Build.0 = Release|Any CPU
	EndGlobalSection
	GlobalSection(SolutionProperties) = preSolution
		HideSolutionNode = FALSE
	EndGlobalSection
EndGlobal
